
Microsoft Visual Studio Solution File, Format Version 12.00
# Visual Studio Version 17
VisualStudioVersion = 17.5.002.0
MinimumVisualStudioVersion = 10.0.40219.1
Project("{9A19103F-16F7-4668-BE54-9A1E7A4F7556}") = "bank_api", "bank_api.csproj", "{6FD74786-3135-4665-994E-68379A6C0299}"
EndProject
Global
	GlobalSection(SolutionConfigurationPlatforms) = preSolution
		Debug|Any CPU = Debug|Any CPU
		Release|Any CPU = Release|Any CPU
	EndGlobalSection
	GlobalSection(ProjectConfigurationPlatforms) = postSolution
		{6FD74786-3135-4665-994E-68379A6C0299}.Debug|Any CPU.ActiveCfg = Debug|Any CPU
		{6FD74786-3135-4665-994E-68379A6C0299}.Debug|Any CPU.Build.0 = Debug|Any CPU
		{6FD74786-3135-4665-994E-68379A6C0299}.Release|Any CPU.ActiveCfg = Release|Any CPU
		{6FD74786-3135-4665-994E-68379A6C0299}.Release|Any CPU.Build.0 = Release|Any CPU
	EndGlobalSection
	GlobalSection(SolutionProperties) = preSolution
		HideSolutionNode = FALSE
	EndGlobalSection
	GlobalSection(ExtensibilityGlobals) = postSolution
		SolutionGuid = {7884D1A4-3C71-47EB-9B7A-2CF75E11A627}
	EndGlobalSection
EndGlobal
